<?xml version="1.0" encoding="utf-8"?>
<Project ToolsVersion="4.0" xmlns="http://schemas.microsoft.com/developer/msbuild/2003">
  <ItemGroup>
    <Filter Include="Source Files">
      <UniqueIdentifier>{4FC737F1-C7A5-4376-A066-2A32D752A2FF}</UniqueIdentifier>
      <Extensions>cpp;c;cc;cxx;def;odl;idl;hpj;bat;asm;asmx</Extensions>
    </Filter>
    <Filter Include="Header Files">
      <UniqueIdentifier>{93995380-89BD-4b04-88EB-625FBE52EBFB}</UniqueIdentifier>
      <Extensions>h;hh;hpp;hxx;hm;inl;inc;xsd</Extensions>
    </Filter>
    <Filter Include="Source Files\GUI">
      <UniqueIdentifier>{ed547dad-2d52-430a-8ac2-bca69afadcd2}</UniqueIdentifier>
    </Filter>
    <Filter Include="Header Files\GUI">
      <UniqueIdentifier>{e205b6ee-8ba3-4f7c-8dab-62bf76fd03db}</UniqueIdentifier>
    </Filter>
    <Filter Include="Source Files\core">
      <UniqueIdentifier>{81605307-f1e6-43a2-a20f-39a68f156ee6}</UniqueIdentifier>
    </Filter>
    <Filter Include="Header Files\core">
      <UniqueIdentifier>{b21f0a8d-f896-432d-8bf7-fe61aa0b17df}</UniqueIdentifier>
    </Filter>
    <Filter Include="Source Files\item">
      <UniqueIdentifier>{228b35d5-4923-4cb4-b72a-7b2dc87de125}</UniqueIdentifier>
    </Filter>
    <Filter Include="Header Files\item">
      <UniqueIdentifier>{83118cf3-f350-4a57-8a6e-d2386cebec4a}</UniqueIdentifier>
    </Filter>
  </ItemGroup>
  <ItemGroup>
    <ClCompile Include="main.cpp">
      <Filter>Source Files</Filter>
    </ClCompile>
    <ClCompile Include="Account.cpp">
      <Filter>Source Files\GUI</Filter>
    </ClCompile>
    <ClCompile Include="Game.cpp">
      <Filter>Source Files\GUI</Filter>
    </ClCompile>
    <ClCompile Include="Menu.cpp">
      <Filter>Source Files\GUI</Filter>
    </ClCompile>
    <ClCompile Include="Panel.cpp">
      <Filter>Source Files\GUI</Filter>
    </ClCompile>
    <ClCompile Include="Score.cpp">
      <Filter>Source Files\GUI</Filter>
    </ClCompile>
    <ClCompile Include="Settings.cpp">
      <Filter>Source Files\GUI</Filter>
    </ClCompile>
    <ClCompile Include="Shop.cpp">
      <Filter>Source Files\GUI</Filter>
    </ClCompile>
    <ClCompile Include="Splashscreen.cpp">
      <Filter>Source Files\GUI</Filter>
    </ClCompile>
    <ClCompile Include="Spaceship.cpp">
      <Filter>Source Files\core</Filter>
    </ClCompile>
    <ClCompile Include="Meteor.cpp">
      <Filter>Source Files\core</Filter>
    </ClCompile>
    <ClCompile Include="Laser.cpp">
      <Filter>Source Files\core</Filter>
    </ClCompile>
    <ClCompile Include="Star.cpp">
      <Filter>Source Files\core</Filter>
    </ClCompile>
    <ClCompile Include="Bonus.cpp">
      <Filter>Source Files\core</Filter>
    </ClCompile>
    <ClCompile Include="Ennemy.cpp">
      <Filter>Source Files\core</Filter>
    </ClCompile>
    <ClCompile Include="Obstacle.cpp">
      <Filter>Source Files\core</Filter>
    </ClCompile>
    <ClCompile Include="MyButton.cpp">
      <Filter>Source Files\item</Filter>
    </ClCompile>
    <ClCompile Include="MyProgressBar.cpp">
      <Filter>Source Files\item</Filter>
    </ClCompile>
    <ClCompile Include="MyCheckbox.cpp">
      <Filter>Source Files\item</Filter>
    </ClCompile>
    <ClCompile Include="MyWindow.cpp">
      <Filter>Source Files\item</Filter>
    </ClCompile>
    <ClCompile Include="Config.cpp">
      <Filter>Source Files\item</Filter>
    </ClCompile>
    <ClCompile Include="Credits.cpp">
      <Filter>Source Files\GUI</Filter>
    </ClCompile>
  </ItemGroup>
  <ItemGroup>
    <ClInclude Include="Account.h">
      <Filter>Header Files\GUI</Filter>
    </ClInclude>
    <ClInclude Include="Game.h">
      <Filter>Header Files\GUI</Filter>
    </ClInclude>
    <ClInclude Include="Menu.h">
      <Filter>Header Files\GUI</Filter>
    </ClInclude>
    <ClInclude Include="Panel.h">
      <Filter>Header Files\GUI</Filter>
    </ClInclude>
    <ClInclude Include="Score.h">
      <Filter>Header Files\GUI</Filter>
    </ClInclude>
    <ClInclude Include="Settings.h">
      <Filter>Header Files\GUI</Filter>
    </ClInclude>
    <ClInclude Include="Shop.h">
      <Filter>Header Files\GUI</Filter>
    </ClInclude>
    <ClInclude Include="Splashscreen.h">
      <Filter>Header Files\GUI</Filter>
    </ClInclude>
    <ClInclude Include="Spaceship.h">
      <Filter>Header Files\core</Filter>
    </ClInclude>
    <ClInclude Include="Meteor.h">
      <Filter>Header Files\core</Filter>
    </ClInclude>
    <ClInclude Include="Laser.h">
      <Filter>Header Files\core</Filter>
    </ClInclude>
    <ClInclude Include="Bonus.h">
      <Filter>Header Files\core</Filter>
    </ClInclude>
    <ClInclude Include="Ennemy.h">
      <Filter>Header Files\core</Filter>
    </ClInclude>
    <ClInclude Include="Star.h">
      <Filter>Header Files\core</Filter>
    </ClInclude>
    <ClInclude Include="Obstacle.h">
      <Filter>Header Files\core</Filter>
    </ClInclude>
    <ClInclude Include="MyButton.h">
      <Filter>Header Files\item</Filter>
    </ClInclude>
    <ClInclude Include="MyProgressBar.h">
      <Filter>Header Files\item</Filter>
    </ClInclude>
    <ClInclude Include="MyCheckbox.h">
      <Filter>Header Files\item</Filter>
    </ClInclude>
    <ClInclude Include="MyWindow.h">
      <Filter>Header Files\item</Filter>
    </ClInclude>
    <ClInclude Include="Config.h">
      <Filter>Header Files\item</Filter>
    </ClInclude>
    <ClInclude Include="Credits.h">
      <Filter>Header Files\GUI</Filter>
    </ClInclude>
  </ItemGroup>
  <ItemGroup>
    <ResourceCompile Include="resource.rc" />
  </ItemGroup>
</Project>